// !$*UTF8*$!
{
	archiveVersion = 1;
	classes = {
	};
	objectVersion = 56;
	objects = {

/* Begin PBXBuildFile section */
		ED3490862CA418F000F32EB5 /* endpointModels.swift in Sources */ = {isa = PBXBuildFile; fileRef = ED3490852CA418F000F32EB5 /* endpointModels.swift */; };
		ED3490882CA44AF500F32EB5 /* Favorites.swift in Sources */ = {isa = PBXBuildFile; fileRef = ED3490872CA44AF500F32EB5 /* Favorites.swift */; };
		ED42E2012C998527000BBF05 /* FilmDetailModel.swift in Sources */ = {isa = PBXBuildFile; fileRef = ED42E2002C998527000BBF05 /* FilmDetailModel.swift */; };
		ED42E2032C998564000BBF05 /* ErrorModel.swift in Sources */ = {isa = PBXBuildFile; fileRef = ED42E2022C998564000BBF05 /* ErrorModel.swift */; };
		ED42E2052C998708000BBF05 /* APIClient.swift in Sources */ = {isa = PBXBuildFile; fileRef = ED42E2042C998708000BBF05 /* APIClient.swift */; };
		ED42E2092C9987CC000BBF05 /* PopularFilmListView.swift in Sources */ = {isa = PBXBuildFile; fileRef = ED42E2082C9987CC000BBF05 /* PopularFilmListView.swift */; };
		ED42E20B2C9987E0000BBF05 /* FilmDetailView.swift in Sources */ = {isa = PBXBuildFile; fileRef = ED42E20A2C9987E0000BBF05 /* FilmDetailView.swift */; };
		ED42E20F2C998806000BBF05 /* FilmDetailViewModel.swift in Sources */ = {isa = PBXBuildFile; fileRef = ED42E20E2C998806000BBF05 /* FilmDetailViewModel.swift */; };
		ED42E2112C998EE8000BBF05 /* FilmListModel.swift in Sources */ = {isa = PBXBuildFile; fileRef = ED42E2102C998EE8000BBF05 /* FilmListModel.swift */; };
		ED42E2132C99959C000BBF05 /* HomePage.swift in Sources */ = {isa = PBXBuildFile; fileRef = ED42E2122C99959C000BBF05 /* HomePage.swift */; };
		ED42E2152C99B051000BBF05 /* FilmCard.swift in Sources */ = {isa = PBXBuildFile; fileRef = ED42E2142C99B051000BBF05 /* FilmCard.swift */; };
		ED42E2172C99BE93000BBF05 /* SearchbarView.swift in Sources */ = {isa = PBXBuildFile; fileRef = ED42E2162C99BE93000BBF05 /* SearchbarView.swift */; };
		ED42E2192C99C71A000BBF05 /* FilmFromNameViewModel.swift in Sources */ = {isa = PBXBuildFile; fileRef = ED42E2182C99C71A000BBF05 /* FilmFromNameViewModel.swift */; };
		ED42E21B2C99D63A000BBF05 /* FilmResults.swift in Sources */ = {isa = PBXBuildFile; fileRef = ED42E21A2C99D63A000BBF05 /* FilmResults.swift */; };
		ED42E21D2C9ACDDD000BBF05 /* StarRatingView.swift in Sources */ = {isa = PBXBuildFile; fileRef = ED42E21C2C9ACDDD000BBF05 /* StarRatingView.swift */; };
		ED42E21F2C9B0A5E000BBF05 /* FilmTabView.swift in Sources */ = {isa = PBXBuildFile; fileRef = ED42E21E2C9B0A5E000BBF05 /* FilmTabView.swift */; };
		ED42E2212C9B0CB4000BBF05 /* TopRatedFilmListView.swift in Sources */ = {isa = PBXBuildFile; fileRef = ED42E2202C9B0CB4000BBF05 /* TopRatedFilmListView.swift */; };
		ED42E2232C9B0D1E000BBF05 /* UpcomingFilmView.swift in Sources */ = {isa = PBXBuildFile; fileRef = ED42E2222C9B0D1E000BBF05 /* UpcomingFilmView.swift */; };
		ED42E2252C9B1055000BBF05 /* SearchFilmListView.swift in Sources */ = {isa = PBXBuildFile; fileRef = ED42E2242C9B1055000BBF05 /* SearchFilmListView.swift */; };
		ED42E22F2C9D813F000BBF05 /* PaginationView.swift in Sources */ = {isa = PBXBuildFile; fileRef = ED42E22E2C9D813F000BBF05 /* PaginationView.swift */; };
		ED8124DD2CA458BF007519A3 /* FavoritesFilmsView.swift in Sources */ = {isa = PBXBuildFile; fileRef = ED8124DC2CA458BF007519A3 /* FavoritesFilmsView.swift */; };
		ED9B98E42CA6EE01007F3447 /* FilmListViewModel.swift in Sources */ = {isa = PBXBuildFile; fileRef = ED9B98E32CA6EDF5007F3447 /* FilmListViewModel.swift */; };
		EDA45F112C9873E600D93335 /* Movie_explorerApp.swift in Sources */ = {isa = PBXBuildFile; fileRef = EDA45F102C9873E600D93335 /* Movie_explorerApp.swift */; };
		EDA45F152C9873EC00D93335 /* Assets.xcassets in Resources */ = {isa = PBXBuildFile; fileRef = EDA45F142C9873EC00D93335 /* Assets.xcassets */; };
		EDA45F192C9873EC00D93335 /* Preview Assets.xcassets in Resources */ = {isa = PBXBuildFile; fileRef = EDA45F182C9873EC00D93335 /* Preview Assets.xcassets */; };
		EDA45F232C9873ED00D93335 /* Movie_explorerTests.swift in Sources */ = {isa = PBXBuildFile; fileRef = EDA45F222C9873ED00D93335 /* Movie_explorerTests.swift */; };
		EDA45F2D2C9873ED00D93335 /* Movie_explorerUITests.swift in Sources */ = {isa = PBXBuildFile; fileRef = EDA45F2C2C9873ED00D93335 /* Movie_explorerUITests.swift */; };
		EDA45F2F2C9873ED00D93335 /* Movie_explorerUITestsLaunchTests.swift in Sources */ = {isa = PBXBuildFile; fileRef = EDA45F2E2C9873ED00D93335 /* Movie_explorerUITestsLaunchTests.swift */; };
/* End PBXBuildFile section */

/* Begin PBXContainerItemProxy section */
		EDA45F1F2C9873ED00D93335 /* PBXContainerItemProxy */ = {
			isa = PBXContainerItemProxy;
			containerPortal = EDA45F052C9873E500D93335 /* Project object */;
			proxyType = 1;
			remoteGlobalIDString = EDA45F0C2C9873E600D93335;
			remoteInfo = "Movie explorer";
		};
		EDA45F292C9873ED00D93335 /* PBXContainerItemProxy */ = {
			isa = PBXContainerItemProxy;
			containerPortal = EDA45F052C9873E500D93335 /* Project object */;
			proxyType = 1;
			remoteGlobalIDString = EDA45F0C2C9873E600D93335;
			remoteInfo = "Movie explorer";
		};
/* End PBXContainerItemProxy section */

/* Begin PBXFileReference section */
		ED3490852CA418F000F32EB5 /* endpointModels.swift */ = {isa = PBXFileReference; lastKnownFileType = sourcecode.swift; path = endpointModels.swift; sourceTree = "<group>"; };
		ED3490872CA44AF500F32EB5 /* Favorites.swift */ = {isa = PBXFileReference; lastKnownFileType = sourcecode.swift; path = Favorites.swift; sourceTree = "<group>"; };
		ED42E2002C998527000BBF05 /* FilmDetailModel.swift */ = {isa = PBXFileReference; lastKnownFileType = sourcecode.swift; path = FilmDetailModel.swift; sourceTree = "<group>"; };
		ED42E2022C998564000BBF05 /* ErrorModel.swift */ = {isa = PBXFileReference; lastKnownFileType = sourcecode.swift; path = ErrorModel.swift; sourceTree = "<group>"; };
		ED42E2042C998708000BBF05 /* APIClient.swift */ = {isa = PBXFileReference; lastKnownFileType = sourcecode.swift; path = APIClient.swift; sourceTree = "<group>"; };
		ED42E2082C9987CC000BBF05 /* PopularFilmListView.swift */ = {isa = PBXFileReference; lastKnownFileType = sourcecode.swift; path = PopularFilmListView.swift; sourceTree = "<group>"; };
		ED42E20A2C9987E0000BBF05 /* FilmDetailView.swift */ = {isa = PBXFileReference; lastKnownFileType = sourcecode.swift; path = FilmDetailView.swift; sourceTree = "<group>"; };
		ED42E20E2C998806000BBF05 /* FilmDetailViewModel.swift */ = {isa = PBXFileReference; lastKnownFileType = sourcecode.swift; path = FilmDetailViewModel.swift; sourceTree = "<group>"; };
		ED42E2102C998EE8000BBF05 /* FilmListModel.swift */ = {isa = PBXFileReference; lastKnownFileType = sourcecode.swift; path = FilmListModel.swift; sourceTree = "<group>"; };
		ED42E2122C99959C000BBF05 /* HomePage.swift */ = {isa = PBXFileReference; lastKnownFileType = sourcecode.swift; path = HomePage.swift; sourceTree = "<group>"; };
		ED42E2142C99B051000BBF05 /* FilmCard.swift */ = {isa = PBXFileReference; lastKnownFileType = sourcecode.swift; path = FilmCard.swift; sourceTree = "<group>"; };
		ED42E2162C99BE93000BBF05 /* SearchbarView.swift */ = {isa = PBXFileReference; lastKnownFileType = sourcecode.swift; path = SearchbarView.swift; sourceTree = "<group>"; };
		ED42E2182C99C71A000BBF05 /* FilmFromNameViewModel.swift */ = {isa = PBXFileReference; lastKnownFileType = sourcecode.swift; path = FilmFromNameViewModel.swift; sourceTree = "<group>"; };
		ED42E21A2C99D63A000BBF05 /* FilmResults.swift */ = {isa = PBXFileReference; lastKnownFileType = sourcecode.swift; path = FilmResults.swift; sourceTree = "<group>"; };
		ED42E21C2C9ACDDD000BBF05 /* StarRatingView.swift */ = {isa = PBXFileReference; lastKnownFileType = sourcecode.swift; path = StarRatingView.swift; sourceTree = "<group>"; };
		ED42E21E2C9B0A5E000BBF05 /* FilmTabView.swift */ = {isa = PBXFileReference; lastKnownFileType = sourcecode.swift; path = FilmTabView.swift; sourceTree = "<group>"; };
		ED42E2202C9B0CB4000BBF05 /* TopRatedFilmListView.swift */ = {isa = PBXFileReference; lastKnownFileType = sourcecode.swift; path = TopRatedFilmListView.swift; sourceTree = "<group>"; };
		ED42E2222C9B0D1E000BBF05 /* UpcomingFilmView.swift */ = {isa = PBXFileReference; lastKnownFileType = sourcecode.swift; path = UpcomingFilmView.swift; sourceTree = "<group>"; };
		ED42E2242C9B1055000BBF05 /* SearchFilmListView.swift */ = {isa = PBXFileReference; lastKnownFileType = sourcecode.swift; path = SearchFilmListView.swift; sourceTree = "<group>"; };
		ED42E22E2C9D813F000BBF05 /* PaginationView.swift */ = {isa = PBXFileReference; lastKnownFileType = sourcecode.swift; path = PaginationView.swift; sourceTree = "<group>"; };
		ED8124DC2CA458BF007519A3 /* FavoritesFilmsView.swift */ = {isa = PBXFileReference; lastKnownFileType = sourcecode.swift; path = FavoritesFilmsView.swift; sourceTree = "<group>"; };
		ED9B98E32CA6EDF5007F3447 /* FilmListViewModel.swift */ = {isa = PBXFileReference; lastKnownFileType = sourcecode.swift; path = FilmListViewModel.swift; sourceTree = "<group>"; };
		EDA45F0D2C9873E600D93335 /* Movie explorer.app */ = {isa = PBXFileReference; explicitFileType = wrapper.application; includeInIndex = 0; path = "Movie explorer.app"; sourceTree = BUILT_PRODUCTS_DIR; };
		EDA45F102C9873E600D93335 /* Movie_explorerApp.swift */ = {isa = PBXFileReference; lastKnownFileType = sourcecode.swift; path = Movie_explorerApp.swift; sourceTree = "<group>"; };
		EDA45F142C9873EC00D93335 /* Assets.xcassets */ = {isa = PBXFileReference; lastKnownFileType = folder.assetcatalog; path = Assets.xcassets; sourceTree = "<group>"; };
		EDA45F162C9873EC00D93335 /* Movie_explorer.entitlements */ = {isa = PBXFileReference; lastKnownFileType = text.plist.entitlements; path = Movie_explorer.entitlements; sourceTree = "<group>"; };
		EDA45F182C9873EC00D93335 /* Preview Assets.xcassets */ = {isa = PBXFileReference; lastKnownFileType = folder.assetcatalog; path = "Preview Assets.xcassets"; sourceTree = "<group>"; };
		EDA45F1E2C9873ED00D93335 /* Movie explorerTests.xctest */ = {isa = PBXFileReference; explicitFileType = wrapper.cfbundle; includeInIndex = 0; path = "Movie explorerTests.xctest"; sourceTree = BUILT_PRODUCTS_DIR; };
		EDA45F222C9873ED00D93335 /* Movie_explorerTests.swift */ = {isa = PBXFileReference; lastKnownFileType = sourcecode.swift; path = Movie_explorerTests.swift; sourceTree = "<group>"; };
		EDA45F282C9873ED00D93335 /* Movie explorerUITests.xctest */ = {isa = PBXFileReference; explicitFileType = wrapper.cfbundle; includeInIndex = 0; path = "Movie explorerUITests.xctest"; sourceTree = BUILT_PRODUCTS_DIR; };
		EDA45F2C2C9873ED00D93335 /* Movie_explorerUITests.swift */ = {isa = PBXFileReference; lastKnownFileType = sourcecode.swift; path = Movie_explorerUITests.swift; sourceTree = "<group>"; };
		EDA45F2E2C9873ED00D93335 /* Movie_explorerUITestsLaunchTests.swift */ = {isa = PBXFileReference; lastKnownFileType = sourcecode.swift; path = Movie_explorerUITestsLaunchTests.swift; sourceTree = "<group>"; };
/* End PBXFileReference section */

/* Begin PBXFrameworksBuildPhase section */
		EDA45F0A2C9873E600D93335 /* Frameworks */ = {
			isa = PBXFrameworksBuildPhase;
			buildActionMask = 2147483647;
			files = (
			);
			runOnlyForDeploymentPostprocessing = 0;
		};
		EDA45F1B2C9873ED00D93335 /* Frameworks */ = {
			isa = PBXFrameworksBuildPhase;
			buildActionMask = 2147483647;
			files = (
			);
			runOnlyForDeploymentPostprocessing = 0;
		};
		EDA45F252C9873ED00D93335 /* Frameworks */ = {
			isa = PBXFrameworksBuildPhase;
			buildActionMask = 2147483647;
			files = (
			);
			runOnlyForDeploymentPostprocessing = 0;
		};
/* End PBXFrameworksBuildPhase section */

/* Begin PBXGroup section */
		ED42E1FA2C998445000BBF05 /* App */ = {
			isa = PBXGroup;
			children = (
				EDA45F102C9873E600D93335 /* Movie_explorerApp.swift */,
				ED42E2122C99959C000BBF05 /* HomePage.swift */,
			);
			path = App;
			sourceTree = "<group>";
		};
		ED42E1FB2C99846D000BBF05 /* Model */ = {
			isa = PBXGroup;
			children = (
				ED42E2002C998527000BBF05 /* FilmDetailModel.swift */,
				ED42E2022C998564000BBF05 /* ErrorModel.swift */,
				ED42E2102C998EE8000BBF05 /* FilmListModel.swift */,
				ED3490852CA418F000F32EB5 /* endpointModels.swift */,
			);
			path = Model;
			sourceTree = "<group>";
		};
		ED42E1FC2C998478000BBF05 /* ViewModel */ = {
			isa = PBXGroup;
			children = (
				ED9B98E32CA6EDF5007F3447 /* FilmListViewModel.swift */,
				ED42E20E2C998806000BBF05 /* FilmDetailViewModel.swift */,
				ED42E2182C99C71A000BBF05 /* FilmFromNameViewModel.swift */,
			);
			path = ViewModel;
			sourceTree = "<group>";
		};
		ED42E1FD2C998483000BBF05 /* View */ = {
			isa = PBXGroup;
			children = (
				ED9B98E62CA6F028007F3447 /* pages */,
				ED9B98E52CA6F014007F3447 /* menu */,
				ED42E2142C99B051000BBF05 /* FilmCard.swift */,
				ED42E2162C99BE93000BBF05 /* SearchbarView.swift */,
				ED42E21A2C99D63A000BBF05 /* FilmResults.swift */,
				ED42E21C2C9ACDDD000BBF05 /* StarRatingView.swift */,
				ED42E22E2C9D813F000BBF05 /* PaginationView.swift */,
			);
			path = View;
			sourceTree = "<group>";
		};
		ED42E1FE2C99848B000BBF05 /* Networking */ = {
			isa = PBXGroup;
			children = (
				ED42E2042C998708000BBF05 /* APIClient.swift */,
			);
			path = Networking;
			sourceTree = "<group>";
		};
		ED42E1FF2C99849F000BBF05 /* Utilities */ = {
			isa = PBXGroup;
			children = (
				ED3490872CA44AF500F32EB5 /* Favorites.swift */,
			);
			path = Utilities;
			sourceTree = "<group>";
		};
		ED9B98E52CA6F014007F3447 /* menu */ = {
			isa = PBXGroup;
			children = (
				ED42E21E2C9B0A5E000BBF05 /* FilmTabView.swift */,
			);
			path = menu;
			sourceTree = "<group>";
		};
		ED9B98E62CA6F028007F3447 /* pages */ = {
			isa = PBXGroup;
			children = (
				ED42E20A2C9987E0000BBF05 /* FilmDetailView.swift */,
				ED42E2082C9987CC000BBF05 /* PopularFilmListView.swift */,
				ED42E2222C9B0D1E000BBF05 /* UpcomingFilmView.swift */,
				ED42E2202C9B0CB4000BBF05 /* TopRatedFilmListView.swift */,
				ED42E2242C9B1055000BBF05 /* SearchFilmListView.swift */,
				ED8124DC2CA458BF007519A3 /* FavoritesFilmsView.swift */,
			);
			path = pages;
			sourceTree = "<group>";
		};
		EDA45F042C9873E500D93335 = {
			isa = PBXGroup;
			children = (
				EDA45F0F2C9873E600D93335 /* Movie explorer */,
				EDA45F212C9873ED00D93335 /* Movie explorerTests */,
				EDA45F2B2C9873ED00D93335 /* Movie explorerUITests */,
				EDA45F0E2C9873E600D93335 /* Products */,
			);
			sourceTree = "<group>";
		};
		EDA45F0E2C9873E600D93335 /* Products */ = {
			isa = PBXGroup;
			children = (
				EDA45F0D2C9873E600D93335 /* Movie explorer.app */,
				EDA45F1E2C9873ED00D93335 /* Movie explorerTests.xctest */,
				EDA45F282C9873ED00D93335 /* Movie explorerUITests.xctest */,
			);
			name = Products;
			sourceTree = "<group>";
		};
		EDA45F0F2C9873E600D93335 /* Movie explorer */ = {
			isa = PBXGroup;
			children = (
				ED42E1FF2C99849F000BBF05 /* Utilities */,
				ED42E1FE2C99848B000BBF05 /* Networking */,
				ED42E1FD2C998483000BBF05 /* View */,
				ED42E1FC2C998478000BBF05 /* ViewModel */,
				ED42E1FB2C99846D000BBF05 /* Model */,
				ED42E1FA2C998445000BBF05 /* App */,
				EDA45F162C9873EC00D93335 /* Movie_explorer.entitlements */,
				EDA45F142C9873EC00D93335 /* Assets.xcassets */,
				EDA45F172C9873EC00D93335 /* Preview Content */,
			);
			path = "Movie explorer";
			sourceTree = "<group>";
		};
		EDA45F172C9873EC00D93335 /* Preview Content */ = {
			isa = PBXGroup;
			children = (
				EDA45F182C9873EC00D93335 /* Preview Assets.xcassets */,
			);
			path = "Preview Content";
			sourceTree = "<group>";
		};
		EDA45F212C9873ED00D93335 /* Movie explorerTests */ = {
			isa = PBXGroup;
			children = (
				EDA45F222C9873ED00D93335 /* Movie_explorerTests.swift */,
			);
			path = "Movie explorerTests";
			sourceTree = "<group>";
		};
		EDA45F2B2C9873ED00D93335 /* Movie explorerUITests */ = {
			isa = PBXGroup;
			children = (
				EDA45F2C2C9873ED00D93335 /* Movie_explorerUITests.swift */,
				EDA45F2E2C9873ED00D93335 /* Movie_explorerUITestsLaunchTests.swift */,
			);
			path = "Movie explorerUITests";
			sourceTree = "<group>";
		};
/* End PBXGroup section */

/* Begin PBXNativeTarget section */
		EDA45F0C2C9873E600D93335 /* Movie explorer */ = {
			isa = PBXNativeTarget;
			buildConfigurationList = EDA45F322C9873ED00D93335 /* Build configuration list for PBXNativeTarget "Movie explorer" */;
			buildPhases = (
				EDA45F092C9873E600D93335 /* Sources */,
				EDA45F0A2C9873E600D93335 /* Frameworks */,
				EDA45F0B2C9873E600D93335 /* Resources */,
			);
			buildRules = (
			);
			dependencies = (
			);
			name = "Movie explorer";
			productName = "Movie explorer";
			productReference = EDA45F0D2C9873E600D93335 /* Movie explorer.app */;
			productType = "com.apple.product-type.application";
		};
		EDA45F1D2C9873ED00D93335 /* Movie explorerTests */ = {
			isa = PBXNativeTarget;
			buildConfigurationList = EDA45F352C9873ED00D93335 /* Build configuration list for PBXNativeTarget "Movie explorerTests" */;
			buildPhases = (
				EDA45F1A2C9873ED00D93335 /* Sources */,
				EDA45F1B2C9873ED00D93335 /* Frameworks */,
				EDA45F1C2C9873ED00D93335 /* Resources */,
			);
			buildRules = (
			);
			dependencies = (
				EDA45F202C9873ED00D93335 /* PBXTargetDependency */,
			);
			name = "Movie explorerTests";
			productName = "Movie explorerTests";
			productReference = EDA45F1E2C9873ED00D93335 /* Movie explorerTests.xctest */;
			productType = "com.apple.product-type.bundle.unit-test";
		};
		EDA45F272C9873ED00D93335 /* Movie explorerUITests */ = {
			isa = PBXNativeTarget;
			buildConfigurationList = EDA45F382C9873ED00D93335 /* Build configuration list for PBXNativeTarget "Movie explorerUITests" */;
			buildPhases = (
				EDA45F242C9873ED00D93335 /* Sources */,
				EDA45F252C9873ED00D93335 /* Frameworks */,
				EDA45F262C9873ED00D93335 /* Resources */,
			);
			buildRules = (
			);
			dependencies = (
				EDA45F2A2C9873ED00D93335 /* PBXTargetDependency */,
			);
			name = "Movie explorerUITests";
			productName = "Movie explorerUITests";
			productReference = EDA45F282C9873ED00D93335 /* Movie explorerUITests.xctest */;
			productType = "com.apple.product-type.bundle.ui-testing";
		};
/* End PBXNativeTarget section */

/* Begin PBXProject section */
		EDA45F052C9873E500D93335 /* Project object */ = {
			isa = PBXProject;
			attributes = {
				BuildIndependentTargetsInParallel = 1;
				LastSwiftUpdateCheck = 1540;
				LastUpgradeCheck = 1540;
				TargetAttributes = {
					EDA45F0C2C9873E600D93335 = {
						CreatedOnToolsVersion = 15.4;
					};
					EDA45F1D2C9873ED00D93335 = {
						CreatedOnToolsVersion = 15.4;
						TestTargetID = EDA45F0C2C9873E600D93335;
					};
					EDA45F272C9873ED00D93335 = {
						CreatedOnToolsVersion = 15.4;
						TestTargetID = EDA45F0C2C9873E600D93335;
					};
				};
			};
			buildConfigurationList = EDA45F082C9873E500D93335 /* Build configuration list for PBXProject "Movie explorer" */;
			compatibilityVersion = "Xcode 14.0";
			developmentRegion = en;
			hasScannedForEncodings = 0;
			knownRegions = (
				en,
				Base,
			);
			mainGroup = EDA45F042C9873E500D93335;
			productRefGroup = EDA45F0E2C9873E600D93335 /* Products */;
			projectDirPath = "";
			projectRoot = "";
			targets = (
				EDA45F0C2C9873E600D93335 /* Movie explorer */,
				EDA45F1D2C9873ED00D93335 /* Movie explorerTests */,
				EDA45F272C9873ED00D93335 /* Movie explorerUITests */,
			);
		};
/* End PBXProject section */

/* Begin PBXResourcesBuildPhase section */
		EDA45F0B2C9873E600D93335 /* Resources */ = {
			isa = PBXResourcesBuildPhase;
			buildActionMask = 2147483647;
			files = (
				EDA45F192C9873EC00D93335 /* Preview Assets.xcassets in Resources */,
				EDA45F152C9873EC00D93335 /* Assets.xcassets in Resources */,
			);
			runOnlyForDeploymentPostprocessing = 0;
		};
		EDA45F1C2C9873ED00D93335 /* Resources */ = {
			isa = PBXResourcesBuildPhase;
			buildActionMask = 2147483647;
			files = (
			);
			runOnlyForDeploymentPostprocessing = 0;
		};
		EDA45F262C9873ED00D93335 /* Resources */ = {
			isa = PBXResourcesBuildPhase;
			buildActionMask = 2147483647;
			files = (
			);
			runOnlyForDeploymentPostprocessing = 0;
		};
/* End PBXResourcesBuildPhase section */

/* Begin PBXSourcesBuildPhase section */
		EDA45F092C9873E600D93335 /* Sources */ = {
			isa = PBXSourcesBuildPhase;
			buildActionMask = 2147483647;
			files = (
				ED42E2252C9B1055000BBF05 /* SearchFilmListView.swift in Sources */,
				ED42E2192C99C71A000BBF05 /* FilmFromNameViewModel.swift in Sources */,
				ED42E2132C99959C000BBF05 /* HomePage.swift in Sources */,
				ED3490862CA418F000F32EB5 /* endpointModels.swift in Sources */,
				ED42E2212C9B0CB4000BBF05 /* TopRatedFilmListView.swift in Sources */,
				ED8124DD2CA458BF007519A3 /* FavoritesFilmsView.swift in Sources */,
				ED42E2092C9987CC000BBF05 /* PopularFilmListView.swift in Sources */,
				ED9B98E42CA6EE01007F3447 /* FilmListViewModel.swift in Sources */,
				ED42E21B2C99D63A000BBF05 /* FilmResults.swift in Sources */,
				ED42E2012C998527000BBF05 /* FilmDetailModel.swift in Sources */,
				ED42E21F2C9B0A5E000BBF05 /* FilmTabView.swift in Sources */,
				ED42E22F2C9D813F000BBF05 /* PaginationView.swift in Sources */,
				ED42E2032C998564000BBF05 /* ErrorModel.swift in Sources */,
				ED42E20B2C9987E0000BBF05 /* FilmDetailView.swift in Sources */,
				ED42E21D2C9ACDDD000BBF05 /* StarRatingView.swift in Sources */,
				ED42E20F2C998806000BBF05 /* FilmDetailViewModel.swift in Sources */,
				ED42E2232C9B0D1E000BBF05 /* UpcomingFilmView.swift in Sources */,
				ED42E2172C99BE93000BBF05 /* SearchbarView.swift in Sources */,
				ED42E2052C998708000BBF05 /* APIClient.swift in Sources */,
				EDA45F112C9873E600D93335 /* Movie_explorerApp.swift in Sources */,
				ED42E2112C998EE8000BBF05 /* FilmListModel.swift in Sources */,
				ED42E2152C99B051000BBF05 /* FilmCard.swift in Sources */,
				ED3490882CA44AF500F32EB5 /* Favorites.swift in Sources */,
			);
			runOnlyForDeploymentPostprocessing = 0;
		};
		EDA45F1A2C9873ED00D93335 /* Sources */ = {
			isa = PBXSourcesBuildPhase;
			buildActionMask = 2147483647;
			files = (
				EDA45F232C9873ED00D93335 /* Movie_explorerTests.swift in Sources */,
			);
			runOnlyForDeploymentPostprocessing = 0;
		};
		EDA45F242C9873ED00D93335 /* Sources */ = {
			isa = PBXSourcesBuildPhase;
			buildActionMask = 2147483647;
			files = (
				EDA45F2F2C9873ED00D93335 /* Movie_explorerUITestsLaunchTests.swift in Sources */,
				EDA45F2D2C9873ED00D93335 /* Movie_explorerUITests.swift in Sources */,
			);
			runOnlyForDeploymentPostprocessing = 0;
		};
/* End PBXSourcesBuildPhase section */

/* Begin PBXTargetDependency section */
		EDA45F202C9873ED00D93335 /* PBXTargetDependency */ = {
			isa = PBXTargetDependency;
			target = EDA45F0C2C9873E600D93335 /* Movie explorer */;
			targetProxy = EDA45F1F2C9873ED00D93335 /* PBXContainerItemProxy */;
		};
		EDA45F2A2C9873ED00D93335 /* PBXTargetDependency */ = {
			isa = PBXTargetDependency;
			target = EDA45F0C2C9873E600D93335 /* Movie explorer */;
			targetProxy = EDA45F292C9873ED00D93335 /* PBXContainerItemProxy */;
		};
/* End PBXTargetDependency section */

/* Begin XCBuildConfiguration section */
		EDA45F302C9873ED00D93335 /* Debug */ = {
			isa = XCBuildConfiguration;
			buildSettings = {
				ALWAYS_SEARCH_USER_PATHS = NO;
				ASSETCATALOG_COMPILER_GENERATE_SWIFT_ASSET_SYMBOL_EXTENSIONS = YES;
				CLANG_ANALYZER_NONNULL = YES;
				CLANG_ANALYZER_NUMBER_OBJECT_CONVERSION = YES_AGGRESSIVE;
				CLANG_CXX_LANGUAGE_STANDARD = "gnu++20";
				CLANG_ENABLE_MODULES = YES;
				CLANG_ENABLE_OBJC_ARC = YES;
				CLANG_ENABLE_OBJC_WEAK = YES;
				CLANG_WARN_BLOCK_CAPTURE_AUTORELEASING = YES;
				CLANG_WARN_BOOL_CONVERSION = YES;
				CLANG_WARN_COMMA = YES;
				CLANG_WARN_CONSTANT_CONVERSION = YES;
				CLANG_WARN_DEPRECATED_OBJC_IMPLEMENTATIONS = YES;
				CLANG_WARN_DIRECT_OBJC_ISA_USAGE = YES_ERROR;
				CLANG_WARN_DOCUMENTATION_COMMENTS = YES;
				CLANG_WARN_EMPTY_BODY = YES;
				CLANG_WARN_ENUM_CONVERSION = YES;
				CLANG_WARN_INFINITE_RECURSION = YES;
				CLANG_WARN_INT_CONVERSION = YES;
				CLANG_WARN_NON_LITERAL_NULL_CONVERSION = YES;
				CLANG_WARN_OBJC_IMPLICIT_RETAIN_SELF = YES;
				CLANG_WARN_OBJC_LITERAL_CONVERSION = YES;
				CLANG_WARN_OBJC_ROOT_CLASS = YES_ERROR;
				CLANG_WARN_QUOTED_INCLUDE_IN_FRAMEWORK_HEADER = YES;
				CLANG_WARN_RANGE_LOOP_ANALYSIS = YES;
				CLANG_WARN_STRICT_PROTOTYPES = YES;
				CLANG_WARN_SUSPICIOUS_MOVE = YES;
				CLANG_WARN_UNGUARDED_AVAILABILITY = YES_AGGRESSIVE;
				CLANG_WARN_UNREACHABLE_CODE = YES;
				CLANG_WARN__DUPLICATE_METHOD_MATCH = YES;
				COPY_PHASE_STRIP = NO;
				DEBUG_INFORMATION_FORMAT = dwarf;
				ENABLE_STRICT_OBJC_MSGSEND = YES;
				ENABLE_TESTABILITY = YES;
				ENABLE_USER_SCRIPT_SANDBOXING = YES;
				GCC_C_LANGUAGE_STANDARD = gnu17;
				GCC_DYNAMIC_NO_PIC = NO;
				GCC_NO_COMMON_BLOCKS = YES;
				GCC_OPTIMIZATION_LEVEL = 0;
				GCC_PREPROCESSOR_DEFINITIONS = (
					"DEBUG=1",
					"$(inherited)",
				);
				GCC_WARN_64_TO_32_BIT_CONVERSION = YES;
				GCC_WARN_ABOUT_RETURN_TYPE = YES_ERROR;
				GCC_WARN_UNDECLARED_SELECTOR = YES;
				GCC_WARN_UNINITIALIZED_AUTOS = YES_AGGRESSIVE;
				GCC_WARN_UNUSED_FUNCTION = YES;
				GCC_WARN_UNUSED_VARIABLE = YES;
				LOCALIZATION_PREFERS_STRING_CATALOGS = YES;
				MTL_ENABLE_DEBUG_INFO = INCLUDE_SOURCE;
				MTL_FAST_MATH = YES;
				ONLY_ACTIVE_ARCH = YES;
				SWIFT_ACTIVE_COMPILATION_CONDITIONS = "DEBUG $(inherited)";
				SWIFT_OPTIMIZATION_LEVEL = "-Onone";
			};
			name = Debug;
		};
		EDA45F312C9873ED00D93335 /* Release */ = {
			isa = XCBuildConfiguration;
			buildSettings = {
				ALWAYS_SEARCH_USER_PATHS = NO;
				ASSETCATALOG_COMPILER_GENERATE_SWIFT_ASSET_SYMBOL_EXTENSIONS = YES;
				CLANG_ANALYZER_NONNULL = YES;
				CLANG_ANALYZER_NUMBER_OBJECT_CONVERSION = YES_AGGRESSIVE;
				CLANG_CXX_LANGUAGE_STANDARD = "gnu++20";
				CLANG_ENABLE_MODULES = YES;
				CLANG_ENABLE_OBJC_ARC = YES;
				CLANG_ENABLE_OBJC_WEAK = YES;
				CLANG_WARN_BLOCK_CAPTURE_AUTORELEASING = YES;
				CLANG_WARN_BOOL_CONVERSION = YES;
				CLANG_WARN_COMMA = YES;
				CLANG_WARN_CONSTANT_CONVERSION = YES;
				CLANG_WARN_DEPRECATED_OBJC_IMPLEMENTATIONS = YES;
				CLANG_WARN_DIRECT_OBJC_ISA_USAGE = YES_ERROR;
				CLANG_WARN_DOCUMENTATION_COMMENTS = YES;
				CLANG_WARN_EMPTY_BODY = YES;
				CLANG_WARN_ENUM_CONVERSION = YES;
				CLANG_WARN_INFINITE_RECURSION = YES;
				CLANG_WARN_INT_CONVERSION = YES;
				CLANG_WARN_NON_LITERAL_NULL_CONVERSION = YES;
				CLANG_WARN_OBJC_IMPLICIT_RETAIN_SELF = YES;
				CLANG_WARN_OBJC_LITERAL_CONVERSION = YES;
				CLANG_WARN_OBJC_ROOT_CLASS = YES_ERROR;
				CLANG_WARN_QUOTED_INCLUDE_IN_FRAMEWORK_HEADER = YES;
				CLANG_WARN_RANGE_LOOP_ANALYSIS = YES;
				CLANG_WARN_STRICT_PROTOTYPES = YES;
				CLANG_WARN_SUSPICIOUS_MOVE = YES;
				CLANG_WARN_UNGUARDED_AVAILABILITY = YES_AGGRESSIVE;
				CLANG_WARN_UNREACHABLE_CODE = YES;
				CLANG_WARN__DUPLICATE_METHOD_MATCH = YES;
				COPY_PHASE_STRIP = NO;
				DEBUG_INFORMATION_FORMAT = "dwarf-with-dsym";
				ENABLE_NS_ASSERTIONS = NO;
				ENABLE_STRICT_OBJC_MSGSEND = YES;
				ENABLE_USER_SCRIPT_SANDBOXING = YES;
				GCC_C_LANGUAGE_STANDARD = gnu17;
				GCC_NO_COMMON_BLOCKS = YES;
				GCC_WARN_64_TO_32_BIT_CONVERSION = YES;
				GCC_WARN_ABOUT_RETURN_TYPE = YES_ERROR;
				GCC_WARN_UNDECLARED_SELECTOR = YES;
				GCC_WARN_UNINITIALIZED_AUTOS = YES_AGGRESSIVE;
				GCC_WARN_UNUSED_FUNCTION = YES;
				GCC_WARN_UNUSED_VARIABLE = YES;
				LOCALIZATION_PREFERS_STRING_CATALOGS = YES;
				MTL_ENABLE_DEBUG_INFO = NO;
				MTL_FAST_MATH = YES;
				SWIFT_COMPILATION_MODE = wholemodule;
			};
			name = Release;
		};
		EDA45F332C9873ED00D93335 /* Debug */ = {
			isa = XCBuildConfiguration;
			buildSettings = {
				ASSETCATALOG_COMPILER_APPICON_NAME = AppIcon;
				ASSETCATALOG_COMPILER_GLOBAL_ACCENT_COLOR_NAME = AccentColor;
				CODE_SIGN_ENTITLEMENTS = "Movie explorer/Movie_explorer.entitlements";
				CODE_SIGN_STYLE = Automatic;
				CURRENT_PROJECT_VERSION = 1;
				DEVELOPMENT_ASSET_PATHS = "\"Movie explorer/Preview Content\"";
				ENABLE_PREVIEWS = YES;
				GENERATE_INFOPLIST_FILE = YES;
				"INFOPLIST_KEY_UIApplicationSceneManifest_Generation[sdk=iphoneos*]" = YES;
				"INFOPLIST_KEY_UIApplicationSceneManifest_Generation[sdk=iphonesimulator*]" = YES;
				"INFOPLIST_KEY_UIApplicationSupportsIndirectInputEvents[sdk=iphoneos*]" = YES;
				"INFOPLIST_KEY_UIApplicationSupportsIndirectInputEvents[sdk=iphonesimulator*]" = YES;
				"INFOPLIST_KEY_UILaunchScreen_Generation[sdk=iphoneos*]" = YES;
				"INFOPLIST_KEY_UILaunchScreen_Generation[sdk=iphonesimulator*]" = YES;
				"INFOPLIST_KEY_UIStatusBarStyle[sdk=iphoneos*]" = UIStatusBarStyleDefault;
				"INFOPLIST_KEY_UIStatusBarStyle[sdk=iphonesimulator*]" = UIStatusBarStyleDefault;
				INFOPLIST_KEY_UISupportedInterfaceOrientations_iPad = "UIInterfaceOrientationPortrait UIInterfaceOrientationPortraitUpsideDown UIInterfaceOrientationLandscapeLeft UIInterfaceOrientationLandscapeRight";
				INFOPLIST_KEY_UISupportedInterfaceOrientations_iPhone = "UIInterfaceOrientationPortrait UIInterfaceOrientationLandscapeLeft UIInterfaceOrientationLandscapeRight";
				IPHONEOS_DEPLOYMENT_TARGET = 17.5;
				LD_RUNPATH_SEARCH_PATHS = "@executable_path/Frameworks";
				"LD_RUNPATH_SEARCH_PATHS[sdk=macosx*]" = "@executable_path/../Frameworks";
				MACOSX_DEPLOYMENT_TARGET = 14.5;
				MARKETING_VERSION = 1.0;
				PRODUCT_BUNDLE_IDENTIFIER = "com.hubertkecler.Movie-explorer";
				PRODUCT_NAME = "$(TARGET_NAME)";
				SDKROOT = auto;
				SUPPORTED_PLATFORMS = "iphoneos iphonesimulator macosx";
				SWIFT_EMIT_LOC_STRINGS = YES;
				SWIFT_VERSION = 5.0;
				TARGETED_DEVICE_FAMILY = "1,2";
			};
			name = Debug;
		};
		EDA45F342C9873ED00D93335 /* Release */ = {
			isa = XCBuildConfiguration;
			buildSettings = {
				ASSETCATALOG_COMPILER_APPICON_NAME = AppIcon;
				ASSETCATALOG_COMPILER_GLOBAL_ACCENT_COLOR_NAME = AccentColor;
				CODE_SIGN_ENTITLEMENTS = "Movie explorer/Movie_explorer.entitlements";
				CODE_SIGN_STYLE = Automatic;
				CURRENT_PROJECT_VERSION = 1;
				DEVELOPMENT_ASSET_PATHS = "\"Movie explorer/Preview Content\"";
				ENABLE_PREVIEWS = YES;
				GENERATE_INFOPLIST_FILE = YES;
				"INFOPLIST_KEY_UIApplicationSceneManifest_Generation[sdk=iphoneos*]" = YES;
				"INFOPLIST_KEY_UIApplicationSceneManifest_Generation[sdk=iphonesimulator*]" = YES;
				"INFOPLIST_KEY_UIApplicationSupportsIndirectInputEvents[sdk=iphoneos*]" = YES;
				"INFOPLIST_KEY_UIApplicationSupportsIndirectInputEvents[sdk=iphonesimulator*]" = YES;
				"INFOPLIST_KEY_UILaunchScreen_Generation[sdk=iphoneos*]" = YES;
				"INFOPLIST_KEY_UILaunchScreen_Generation[sdk=iphonesimulator*]" = YES;
				"INFOPLIST_KEY_UIStatusBarStyle[sdk=iphoneos*]" = UIStatusBarStyleDefault;
				"INFOPLIST_KEY_UIStatusBarStyle[sdk=iphonesimulator*]" = UIStatusBarStyleDefault;
				INFOPLIST_KEY_UISupportedInterfaceOrientations_iPad = "UIInterfaceOrientationPortrait UIInterfaceOrientationPortraitUpsideDown UIInterfaceOrientationLandscapeLeft UIInterfaceOrientationLandscapeRight";
				INFOPLIST_KEY_UISupportedInterfaceOrientations_iPhone = "UIInterfaceOrientationPortrait UIInterfaceOrientationLandscapeLeft UIInterfaceOrientationLandscapeRight";
				IPHONEOS_DEPLOYMENT_TARGET = 17.5;
				LD_RUNPATH_SEARCH_PATHS = "@executable_path/Frameworks";
				"LD_RUNPATH_SEARCH_PATHS[sdk=macosx*]" = "@executable_path/../Frameworks";
				MACOSX_DEPLOYMENT_TARGET = 14.5;
				MARKETING_VERSION = 1.0;
				PRODUCT_BUNDLE_IDENTIFIER = "com.hubertkecler.Movie-explorer";
				PRODUCT_NAME = "$(TARGET_NAME)";
				SDKROOT = auto;
				SUPPORTED_PLATFORMS = "iphoneos iphonesimulator macosx";
				SWIFT_EMIT_LOC_STRINGS = YES;
				SWIFT_VERSION = 5.0;
				TARGETED_DEVICE_FAMILY = "1,2";
			};
			name = Release;
		};
		EDA45F362C9873ED00D93335 /* Debug */ = {
			isa = XCBuildConfiguration;
			buildSettings = {
				ALWAYS_EMBED_SWIFT_STANDARD_LIBRARIES = YES;
				BUNDLE_LOADER = "$(TEST_HOST)";
				CODE_SIGN_STYLE = Automatic;
				CURRENT_PROJECT_VERSION = 1;
				GENERATE_INFOPLIST_FILE = YES;
				IPHONEOS_DEPLOYMENT_TARGET = 17.5;
				MACOSX_DEPLOYMENT_TARGET = 14.5;
				MARKETING_VERSION = 1.0;
				PRODUCT_BUNDLE_IDENTIFIER = "com.hubertkecler.Movie-explorerTests";
				PRODUCT_NAME = "$(TARGET_NAME)";
				SDKROOT = auto;
				SUPPORTED_PLATFORMS = "iphoneos iphonesimulator macosx";
				SWIFT_EMIT_LOC_STRINGS = NO;
				SWIFT_VERSION = 5.0;
				TARGETED_DEVICE_FAMILY = "1,2";
				TEST_HOST = "$(BUILT_PRODUCTS_DIR)/Movie explorer.app/$(BUNDLE_EXECUTABLE_FOLDER_PATH)/Movie explorer";
			};
			name = Debug;
		};
		EDA45F372C9873ED00D93335 /* Release */ = {
			isa = XCBuildConfiguration;
			buildSettings = {
				ALWAYS_EMBED_SWIFT_STANDARD_LIBRARIES = YES;
				BUNDLE_LOADER = "$(TEST_HOST)";
				CODE_SIGN_STYLE = Automatic;
				CURRENT_PROJECT_VERSION = 1;
				GENERATE_INFOPLIST_FILE = YES;
				IPHONEOS_DEPLOYMENT_TARGET = 17.5;
				MACOSX_DEPLOYMENT_TARGET = 14.5;
				MARKETING_VERSION = 1.0;
				PRODUCT_BUNDLE_IDENTIFIER = "com.hubertkecler.Movie-explorerTests";
				PRODUCT_NAME = "$(TARGET_NAME)";
				SDKROOT = auto;
				SUPPORTED_PLATFORMS = "iphoneos iphonesimulator macosx";
				SWIFT_EMIT_LOC_STRINGS = NO;
				SWIFT_VERSION = 5.0;
				TARGETED_DEVICE_FAMILY = "1,2";
				TEST_HOST = "$(BUILT_PRODUCTS_DIR)/Movie explorer.app/$(BUNDLE_EXECUTABLE_FOLDER_PATH)/Movie explorer";
			};
			name = Release;
		};
		EDA45F392C9873ED00D93335 /* Debug */ = {
			isa = XCBuildConfiguration;
			buildSettings = {
				ALWAYS_EMBED_SWIFT_STANDARD_LIBRARIES = YES;
				CODE_SIGN_STYLE = Automatic;
				CURRENT_PROJECT_VERSION = 1;
				GENERATE_INFOPLIST_FILE = YES;
				IPHONEOS_DEPLOYMENT_TARGET = 17.5;
				MACOSX_DEPLOYMENT_TARGET = 14.5;
				MARKETING_VERSION = 1.0;
				PRODUCT_BUNDLE_IDENTIFIER = "com.hubertkecler.Movie-explorerUITests";
				PRODUCT_NAME = "$(TARGET_NAME)";
				SDKROOT = auto;
				SUPPORTED_PLATFORMS = "iphoneos iphonesimulator macosx";
				SWIFT_EMIT_LOC_STRINGS = NO;
				SWIFT_VERSION = 5.0;
				TARGETED_DEVICE_FAMILY = "1,2";
				TEST_TARGET_NAME = "Movie explorer";
			};
			name = Debug;
		};
		EDA45F3A2C9873ED00D93335 /* Release */ = {
			isa = XCBuildConfiguration;
			buildSettings = {
				ALWAYS_EMBED_SWIFT_STANDARD_LIBRARIES = YES;
				CODE_SIGN_STYLE = Automatic;
				CURRENT_PROJECT_VERSION = 1;
				GENERATE_INFOPLIST_FILE = YES;
				IPHONEOS_DEPLOYMENT_TARGET = 17.5;
				MACOSX_DEPLOYMENT_TARGET = 14.5;
				MARKETING_VERSION = 1.0;
				PRODUCT_BUNDLE_IDENTIFIER = "com.hubertkecler.Movie-explorerUITests";
				PRODUCT_NAME = "$(TARGET_NAME)";
				SDKROOT = auto;
				SUPPORTED_PLATFORMS = "iphoneos iphonesimulator macosx";
				SWIFT_EMIT_LOC_STRINGS = NO;
				SWIFT_VERSION = 5.0;
				TARGETED_DEVICE_FAMILY = "1,2";
				TEST_TARGET_NAME = "Movie explorer";
			};
			name = Release;
		};
/* End XCBuildConfiguration section */

/* Begin XCConfigurationList section */
		EDA45F082C9873E500D93335 /* Build configuration list for PBXProject "Movie explorer" */ = {
			isa = XCConfigurationList;
			buildConfigurations = (
				EDA45F302C9873ED00D93335 /* Debug */,
				EDA45F312C9873ED00D93335 /* Release */,
			);
			defaultConfigurationIsVisible = 0;
			defaultConfigurationName = Release;
		};
		EDA45F322C9873ED00D93335 /* Build configuration list for PBXNativeTarget "Movie explorer" */ = {
			isa = XCConfigurationList;
			buildConfigurations = (
				EDA45F332C9873ED00D93335 /* Debug */,
				EDA45F342C9873ED00D93335 /* Release */,
			);
			defaultConfigurationIsVisible = 0;
			defaultConfigurationName = Release;
		};
		EDA45F352C9873ED00D93335 /* Build configuration list for PBXNativeTarget "Movie explorerTests" */ = {
			isa = XCConfigurationList;
			buildConfigurations = (
				EDA45F362C9873ED00D93335 /* Debug */,
				EDA45F372C9873ED00D93335 /* Release */,
			);
			defaultConfigurationIsVisible = 0;
			defaultConfigurationName = Release;
		};
		EDA45F382C9873ED00D93335 /* Build configuration list for PBXNativeTarget "Movie explorerUITests" */ = {
			isa = XCConfigurationList;
			buildConfigurations = (
				EDA45F392C9873ED00D93335 /* Debug */,
				EDA45F3A2C9873ED00D93335 /* Release */,
			);
			defaultConfigurationIsVisible = 0;
			defaultConfigurationName = Release;
		};
/* End XCConfigurationList section */
	};
	rootObject = EDA45F052C9873E500D93335 /* Project object */;
}
